
Microsoft Visual Studio Solution File, Format Version 12.00
# Visual Studio Version 17
VisualStudioVersion = 17.10.34916.146
MinimumVisualStudioVersion = 10.0.40219.1
Project("{FAE04EC0-301F-11D3-BF4B-00C04F79EFBC}") = "CrudBlazor", "CrudBlazor.csproj", "{9BC57B6C-46F9-432B-9FA9-15766793D231}"
EndProject
Global
	GlobalSection(SolutionConfigurationPlatforms) = preSolution
		Debug|Any CPU = Debug|Any CPU
		Release|Any CPU = Release|Any CPU
	EndGlobalSection
	GlobalSection(ProjectConfigurationPlatforms) = postSolution
		{9BC57B6C-46F9-432B-9FA9-15766793D231}.Debug|Any CPU.ActiveCfg = Debug|Any CPU
		{9BC57B6C-46F9-432B-9FA9-15766793D231}.Debug|Any CPU.Build.0 = Debug|Any CPU
		{9BC57B6C-46F9-432B-9FA9-15766793D231}.Release|Any CPU.ActiveCfg = Release|Any CPU
		{9BC57B6C-46F9-432B-9FA9-15766793D231}.Release|Any CPU.Build.0 = Release|Any CPU
	EndGlobalSection
	GlobalSection(SolutionProperties) = preSolution
		HideSolutionNode = FALSE
	EndGlobalSection
	GlobalSection(ExtensibilityGlobals) = postSolution
		SolutionGuid = {CE12F63C-0231-4E92-85CE-BCACA71CA32D}
	EndGlobalSection
EndGlobal
